// !$*UTF8*$!
{
	archiveVersion = 1;
	classes = {
	};
	objectVersion = 50;
	objects = {

/* Begin PBXBuildFile section */
		1831C41523EAD9CC0027DB45 /* Launch Screen.storyboard in Resources */ = {isa = PBXBuildFile; fileRef = 1831C41423EAD9CC0027DB45 /* Launch Screen.storyboard */; };
		185153DA23FE2C3500D6F65E /* Launch Screen.storyboard in Resources */ = {isa = PBXBuildFile; fileRef = 1831C41423EAD9CC0027DB45 /* Launch Screen.storyboard */; };
		185153DB23FE2C3600D6F65E /* Launch Screen.storyboard in Resources */ = {isa = PBXBuildFile; fileRef = 1831C41423EAD9CC0027DB45 /* Launch Screen.storyboard */; };
		18CBD39223E841980052C525 /* AppDelegate.m in Sources */ = {isa = PBXBuildFile; fileRef = 18CBD39123E841980052C525 /* AppDelegate.m */; };
		18CBD39523E841980052C525 /* SceneDelegate.m in Sources */ = {isa = PBXBuildFile; fileRef = 18CBD39423E841980052C525 /* SceneDelegate.m */; };
		18CBD39823E841980052C525 /* ViewController.m in Sources */ = {isa = PBXBuildFile; fileRef = 18CBD39723E841980052C525 /* ViewController.m */; };
		18CBD39B23E841980052C525 /* Main.storyboard in Resources */ = {isa = PBXBuildFile; fileRef = 18CBD39923E841980052C525 /* Main.storyboard */; };
		18CBD39D23E8419A0052C525 /* Assets.xcassets in Resources */ = {isa = PBXBuildFile; fileRef = 18CBD39C23E8419A0052C525 /* Assets.xcassets */; };
		18CBD3A323E8419A0052C525 /* main.m in Sources */ = {isa = PBXBuildFile; fileRef = 18CBD3A223E8419A0052C525 /* main.m */; };
		18CBD3AD23E8419A0052C525 /* ___Tests.m in Sources */ = {isa = PBXBuildFile; fileRef = 18CBD3AC23E8419A0052C525 /* ___Tests.m */; };
		18CBD3B823E8419A0052C525 /* ___UITests.m in Sources */ = {isa = PBXBuildFile; fileRef = 18CBD3B723E8419A0052C525 /* ___UITests.m */; };
		18CBD3C723E844A70052C525 /* LoginViewController.m in Sources */ = {isa = PBXBuildFile; fileRef = 18CBD3C623E844A70052C525 /* LoginViewController.m */; };
		18CBD3CA23E845800052C525 /* ContactViewController.m in Sources */ = {isa = PBXBuildFile; fileRef = 18CBD3C923E845800052C525 /* ContactViewController.m */; };
		18CBD3CD23E846340052C525 /* Contact.m in Sources */ = {isa = PBXBuildFile; fileRef = 18CBD3CC23E846340052C525 /* Contact.m */; };
		18CBD3D023E846540052C525 /* AddViewController.m in Sources */ = {isa = PBXBuildFile; fileRef = 18CBD3CF23E846540052C525 /* AddViewController.m */; };
		18CBD3D323E84E760052C525 /* EditViewController.m in Sources */ = {isa = PBXBuildFile; fileRef = 18CBD3D223E84E760052C525 /* EditViewController.m */; };
/* End PBXBuildFile section */

/* Begin PBXContainerItemProxy section */
		18CBD3A923E8419A0052C525 /* PBXContainerItemProxy */ = {
			isa = PBXContainerItemProxy;
			containerPortal = 18CBD38523E841980052C525 /* Project object */;
			proxyType = 1;
			remoteGlobalIDString = 18CBD38C23E841980052C525;
			remoteInfo = "联系人";
		};
		18CBD3B423E8419A0052C525 /* PBXContainerItemProxy */ = {
			isa = PBXContainerItemProxy;
			containerPortal = 18CBD38523E841980052C525 /* Project object */;
			proxyType = 1;
			remoteGlobalIDString = 18CBD38C23E841980052C525;
			remoteInfo = "联系人";
		};
/* End PBXContainerItemProxy section */

/* Begin PBXFileReference section */
		1831C41423EAD9CC0027DB45 /* Launch Screen.storyboard */ = {isa = PBXFileReference; lastKnownFileType = file.storyboard; path = "Launch Screen.storyboard"; sourceTree = "<group>"; };
		18CBD38D23E841980052C525 /* 联系人.app */ = {isa = PBXFileReference; explicitFileType = wrapper.application; includeInIndex = 0; path = "联系人.app"; sourceTree = BUILT_PRODUCTS_DIR; };
		18CBD39023E841980052C525 /* AppDelegate.h */ = {isa = PBXFileReference; lastKnownFileType = sourcecode.c.h; path = AppDelegate.h; sourceTree = "<group>"; };
		18CBD39123E841980052C525 /* AppDelegate.m */ = {isa = PBXFileReference; lastKnownFileType = sourcecode.c.objc; path = AppDelegate.m; sourceTree = "<group>"; };
		18CBD39323E841980052C525 /* SceneDelegate.h */ = {isa = PBXFileReference; lastKnownFileType = sourcecode.c.h; path = SceneDelegate.h; sourceTree = "<group>"; };
		18CBD39423E841980052C525 /* SceneDelegate.m */ = {isa = PBXFileReference; lastKnownFileType = sourcecode.c.objc; path = SceneDelegate.m; sourceTree = "<group>"; };
		18CBD39623E841980052C525 /* ViewController.h */ = {isa = PBXFileReference; lastKnownFileType = sourcecode.c.h; path = ViewController.h; sourceTree = "<group>"; };
		18CBD39723E841980052C525 /* ViewController.m */ = {isa = PBXFileReference; lastKnownFileType = sourcecode.c.objc; path = ViewController.m; sourceTree = "<group>"; };
		18CBD39A23E841980052C525 /* Base */ = {isa = PBXFileReference; lastKnownFileType = file.storyboard; name = Base; path = Base.lproj/Main.storyboard; sourceTree = "<group>"; };
		18CBD39C23E8419A0052C525 /* Assets.xcassets */ = {isa = PBXFileReference; lastKnownFileType = folder.assetcatalog; path = Assets.xcassets; sourceTree = "<group>"; };
		18CBD3A123E8419A0052C525 /* Info.plist */ = {isa = PBXFileReference; lastKnownFileType = text.plist.xml; path = Info.plist; sourceTree = "<group>"; };
		18CBD3A223E8419A0052C525 /* main.m */ = {isa = PBXFileReference; lastKnownFileType = sourcecode.c.objc; path = main.m; sourceTree = "<group>"; };
		18CBD3A823E8419A0052C525 /* 联系人Tests.xctest */ = {isa = PBXFileReference; explicitFileType = wrapper.cfbundle; includeInIndex = 0; path = "联系人Tests.xctest"; sourceTree = BUILT_PRODUCTS_DIR; };
		18CBD3AC23E8419A0052C525 /* ___Tests.m */ = {isa = PBXFileReference; lastKnownFileType = sourcecode.c.objc; path = "___Tests.m"; sourceTree = "<group>"; };
		18CBD3AE23E8419A0052C525 /* Info.plist */ = {isa = PBXFileReference; lastKnownFileType = text.plist.xml; path = Info.plist; sourceTree = "<group>"; };
		18CBD3B323E8419A0052C525 /* 联系人UITests.xctest */ = {isa = PBXFileReference; explicitFileType = wrapper.cfbundle; includeInIndex = 0; path = "联系人UITests.xctest"; sourceTree = BUILT_PRODUCTS_DIR; };
		18CBD3B723E8419A0052C525 /* ___UITests.m */ = {isa = PBXFileReference; lastKnownFileType = sourcecode.c.objc; path = "___UITests.m"; sourceTree = "<group>"; };
		18CBD3B923E8419A0052C525 /* Info.plist */ = {isa = PBXFileReference; lastKnownFileType = text.plist.xml; path = Info.plist; sourceTree = "<group>"; };
		18CBD3C523E844A70052C525 /* LoginViewController.h */ = {isa = PBXFileReference; lastKnownFileType = sourcecode.c.h; path = LoginViewController.h; sourceTree = "<group>"; };
		18CBD3C623E844A70052C525 /* LoginViewController.m */ = {isa = PBXFileReference; lastKnownFileType = sourcecode.c.objc; path = LoginViewController.m; sourceTree = "<group>"; };
		18CBD3C823E845800052C525 /* ContactViewController.h */ = {isa = PBXFileReference; lastKnownFileType = sourcecode.c.h; path = ContactViewController.h; sourceTree = "<group>"; };
		18CBD3C923E845800052C525 /* ContactViewController.m */ = {isa = PBXFileReference; lastKnownFileType = sourcecode.c.objc; path = ContactViewController.m; sourceTree = "<group>"; };
		18CBD3CB23E846340052C525 /* Contact.h */ = {isa = PBXFileReference; lastKnownFileType = sourcecode.c.h; path = Contact.h; sourceTree = "<group>"; };
		18CBD3CC23E846340052C525 /* Contact.m */ = {isa = PBXFileReference; lastKnownFileType = sourcecode.c.objc; path = Contact.m; sourceTree = "<group>"; };
		18CBD3CE23E846540052C525 /* AddViewController.h */ = {isa = PBXFileReference; lastKnownFileType = sourcecode.c.h; path = AddViewController.h; sourceTree = "<group>"; };
		18CBD3CF23E846540052C525 /* AddViewController.m */ = {isa = PBXFileReference; lastKnownFileType = sourcecode.c.objc; path = AddViewController.m; sourceTree = "<group>"; };
		18CBD3D123E84E760052C525 /* EditViewController.h */ = {isa = PBXFileReference; lastKnownFileType = sourcecode.c.h; path = EditViewController.h; sourceTree = "<group>"; };
		18CBD3D223E84E760052C525 /* EditViewController.m */ = {isa = PBXFileReference; lastKnownFileType = sourcecode.c.objc; path = EditViewController.m; sourceTree = "<group>"; };
/* End PBXFileReference section */

/* Begin PBXFrameworksBuildPhase section */
		18CBD38A23E841980052C525 /* Frameworks */ = {
			isa = PBXFrameworksBuildPhase;
			buildActionMask = 2147483647;
			files = (
			);
			runOnlyForDeploymentPostprocessing = 0;
		};
		18CBD3A523E8419A0052C525 /* Frameworks */ = {
			isa = PBXFrameworksBuildPhase;
			buildActionMask = 2147483647;
			files = (
			);
			runOnlyForDeploymentPostprocessing = 0;
		};
		18CBD3B023E8419A0052C525 /* Frameworks */ = {
			isa = PBXFrameworksBuildPhase;
			buildActionMask = 2147483647;
			files = (
			);
			runOnlyForDeploymentPostprocessing = 0;
		};
/* End PBXFrameworksBuildPhase section */

/* Begin PBXGroup section */
		185153DE23FE398100D6F65E /* Controller */ = {
			isa = PBXGroup;
			children = (
				18CBD39623E841980052C525 /* ViewController.h */,
				18CBD39723E841980052C525 /* ViewController.m */,
				18CBD3C523E844A70052C525 /* LoginViewController.h */,
				18CBD3C623E844A70052C525 /* LoginViewController.m */,
				18CBD3C823E845800052C525 /* ContactViewController.h */,
				18CBD3C923E845800052C525 /* ContactViewController.m */,
				18CBD3CE23E846540052C525 /* AddViewController.h */,
				18CBD3CF23E846540052C525 /* AddViewController.m */,
				18CBD3D123E84E760052C525 /* EditViewController.h */,
				18CBD3D223E84E760052C525 /* EditViewController.m */,
			);
			path = Controller;
			sourceTree = "<group>";
		};
		185153DF23FE398B00D6F65E /* Module */ = {
			isa = PBXGroup;
			children = (
				18CBD3CB23E846340052C525 /* Contact.h */,
				18CBD3CC23E846340052C525 /* Contact.m */,
			);
			path = Module;
			sourceTree = "<group>";
		};
		185153E023FE399700D6F65E /* View */ = {
			isa = PBXGroup;
			children = (
				18CBD39923E841980052C525 /* Main.storyboard */,
				18CBD39C23E8419A0052C525 /* Assets.xcassets */,
				1831C41423EAD9CC0027DB45 /* Launch Screen.storyboard */,
			);
			path = View;
			sourceTree = "<group>";
		};
		18CBD38423E841980052C525 = {
			isa = PBXGroup;
			children = (
				18CBD38F23E841980052C525 /* 联系人 */,
				18CBD3AB23E8419A0052C525 /* 联系人Tests */,
				18CBD3B623E8419A0052C525 /* 联系人UITests */,
				18CBD38E23E841980052C525 /* Products */,
			);
			sourceTree = "<group>";
		};
		18CBD38E23E841980052C525 /* Products */ = {
			isa = PBXGroup;
			children = (
				18CBD38D23E841980052C525 /* 联系人.app */,
				18CBD3A823E8419A0052C525 /* 联系人Tests.xctest */,
				18CBD3B323E8419A0052C525 /* 联系人UITests.xctest */,
			);
			name = Products;
			sourceTree = "<group>";
		};
		18CBD38F23E841980052C525 /* 联系人 */ = {
			isa = PBXGroup;
			children = (
				18CBD39423E841980052C525 /* SceneDelegate.m */,
				18CBD39323E841980052C525 /* SceneDelegate.h */,
				18CBD39123E841980052C525 /* AppDelegate.m */,
				18CBD39023E841980052C525 /* AppDelegate.h */,
				18CBD3A123E8419A0052C525 /* Info.plist */,
				18CBD3A223E8419A0052C525 /* main.m */,
				185153E023FE399700D6F65E /* View */,
				185153DF23FE398B00D6F65E /* Module */,
				185153DE23FE398100D6F65E /* Controller */,
			);
			path = "联系人";
			sourceTree = "<group>";
		};
		18CBD3AB23E8419A0052C525 /* 联系人Tests */ = {
			isa = PBXGroup;
			children = (
				18CBD3AC23E8419A0052C525 /* ___Tests.m */,
				18CBD3AE23E8419A0052C525 /* Info.plist */,
			);
			path = "联系人Tests";
			sourceTree = "<group>";
		};
		18CBD3B623E8419A0052C525 /* 联系人UITests */ = {
			isa = PBXGroup;
			children = (
				18CBD3B723E8419A0052C525 /* ___UITests.m */,
				18CBD3B923E8419A0052C525 /* Info.plist */,
			);
			path = "联系人UITests";
			sourceTree = "<group>";
		};
/* End PBXGroup section */

/* Begin PBXNativeTarget section */
		18CBD38C23E841980052C525 /* 联系人 */ = {
			isa = PBXNativeTarget;
			buildConfigurationList = 18CBD3BC23E8419A0052C525 /* Build configuration list for PBXNativeTarget "联系人" */;
			buildPhases = (
				18CBD38923E841980052C525 /* Sources */,
				18CBD38A23E841980052C525 /* Frameworks */,
				18CBD38B23E841980052C525 /* Resources */,
			);
			buildRules = (
			);
			dependencies = (
			);
			name = "联系人";
			productName = "联系人";
			productReference = 18CBD38D23E841980052C525 /* 联系人.app */;
			productType = "com.apple.product-type.application";
		};
		18CBD3A723E8419A0052C525 /* 联系人Tests */ = {
			isa = PBXNativeTarget;
			buildConfigurationList = 18CBD3BF23E8419A0052C525 /* Build configuration list for PBXNativeTarget "联系人Tests" */;
			buildPhases = (
				18CBD3A423E8419A0052C525 /* Sources */,
				18CBD3A523E8419A0052C525 /* Frameworks */,
				18CBD3A623E8419A0052C525 /* Resources */,
			);
			buildRules = (
			);
			dependencies = (
				18CBD3AA23E8419A0052C525 /* PBXTargetDependency */,
			);
			name = "联系人Tests";
			productName = "联系人Tests";
			productReference = 18CBD3A823E8419A0052C525 /* 联系人Tests.xctest */;
			productType = "com.apple.product-type.bundle.unit-test";
		};
		18CBD3B223E8419A0052C525 /* 联系人UITests */ = {
			isa = PBXNativeTarget;
			buildConfigurationList = 18CBD3C223E8419A0052C525 /* Build configuration list for PBXNativeTarget "联系人UITests" */;
			buildPhases = (
				18CBD3AF23E8419A0052C525 /* Sources */,
				18CBD3B023E8419A0052C525 /* Frameworks */,
				18CBD3B123E8419A0052C525 /* Resources */,
			);
			buildRules = (
			);
			dependencies = (
				18CBD3B523E8419A0052C525 /* PBXTargetDependency */,
			);
			name = "联系人UITests";
			productName = "联系人UITests";
			productReference = 18CBD3B323E8419A0052C525 /* 联系人UITests.xctest */;
			productType = "com.apple.product-type.bundle.ui-testing";
		};
/* End PBXNativeTarget section */

/* Begin PBXProject section */
		18CBD38523E841980052C525 /* Project object */ = {
			isa = PBXProject;
			attributes = {
				LastUpgradeCheck = 1130;
				ORGANIZATIONNAME = apple;
				TargetAttributes = {
					18CBD38C23E841980052C525 = {
						CreatedOnToolsVersion = 11.3;
					};
					18CBD3A723E8419A0052C525 = {
						CreatedOnToolsVersion = 11.3;
						TestTargetID = 18CBD38C23E841980052C525;
					};
					18CBD3B223E8419A0052C525 = {
						CreatedOnToolsVersion = 11.3;
						TestTargetID = 18CBD38C23E841980052C525;
					};
				};
			};
			buildConfigurationList = 18CBD38823E841980052C525 /* Build configuration list for PBXProject "联系人" */;
			compatibilityVersion = "Xcode 9.3";
			developmentRegion = en;
			hasScannedForEncodings = 0;
			knownRegions = (
				en,
				Base,
			);
			mainGroup = 18CBD38423E841980052C525;
			productRefGroup = 18CBD38E23E841980052C525 /* Products */;
			projectDirPath = "";
			projectRoot = "";
			targets = (
				18CBD38C23E841980052C525 /* 联系人 */,
				18CBD3A723E8419A0052C525 /* 联系人Tests */,
				18CBD3B223E8419A0052C525 /* 联系人UITests */,
			);
		};
/* End PBXProject section */

/* Begin PBXResourcesBuildPhase section */
		18CBD38B23E841980052C525 /* Resources */ = {
			isa = PBXResourcesBuildPhase;
			buildActionMask = 2147483647;
			files = (
				18CBD39D23E8419A0052C525 /* Assets.xcassets in Resources */,
				18CBD39B23E841980052C525 /* Main.storyboard in Resources */,
				1831C41523EAD9CC0027DB45 /* Launch Screen.storyboard in Resources */,
			);
			runOnlyForDeploymentPostprocessing = 0;
		};
		18CBD3A623E8419A0052C525 /* Resources */ = {
			isa = PBXResourcesBuildPhase;
			buildActionMask = 2147483647;
			files = (
				185153DA23FE2C3500D6F65E /* Launch Screen.storyboard in Resources */,
			);
			runOnlyForDeploymentPostprocessing = 0;
		};
		18CBD3B123E8419A0052C525 /* Resources */ = {
			isa = PBXResourcesBuildPhase;
			buildActionMask = 2147483647;
			files = (
				185153DB23FE2C3600D6F65E /* Launch Screen.storyboard in Resources */,
			);
			runOnlyForDeploymentPostprocessing = 0;
		};
/* End PBXResourcesBuildPhase section */

/* Begin PBXSourcesBuildPhase section */
		18CBD38923E841980052C525 /* Sources */ = {
			isa = PBXSourcesBuildPhase;
			buildActionMask = 2147483647;
			files = (
				18CBD39823E841980052C525 /* ViewController.m in Sources */,
				18CBD3D323E84E760052C525 /* EditViewController.m in Sources */,
				18CBD3CA23E845800052C525 /* ContactViewController.m in Sources */,
				18CBD39223E841980052C525 /* AppDelegate.m in Sources */,
				18CBD3A323E8419A0052C525 /* main.m in Sources */,
				18CBD3CD23E846340052C525 /* Contact.m in Sources */,
				18CBD39523E841980052C525 /* SceneDelegate.m in Sources */,
				18CBD3D023E846540052C525 /* AddViewController.m in Sources */,
				18CBD3C723E844A70052C525 /* LoginViewController.m in Sources */,
			);
			runOnlyForDeploymentPostprocessing = 0;
		};
		18CBD3A423E8419A0052C525 /* Sources */ = {
			isa = PBXSourcesBuildPhase;
			buildActionMask = 2147483647;
			files = (
				18CBD3AD23E8419A0052C525 /* ___Tests.m in Sources */,
			);
			runOnlyForDeploymentPostprocessing = 0;
		};
		18CBD3AF23E8419A0052C525 /* Sources */ = {
			isa = PBXSourcesBuildPhase;
			buildActionMask = 2147483647;
			files = (
				18CBD3B823E8419A0052C525 /* ___UITests.m in Sources */,
			);
			runOnlyForDeploymentPostprocessing = 0;
		};
/* End PBXSourcesBuildPhase section */

/* Begin PBXTargetDependency section */
		18CBD3AA23E8419A0052C525 /* PBXTargetDependency */ = {
			isa = PBXTargetDependency;
			target = 18CBD38C23E841980052C525 /* 联系人 */;
			targetProxy = 18CBD3A923E8419A0052C525 /* PBXContainerItemProxy */;
		};
		18CBD3B523E8419A0052C525 /* PBXTargetDependency */ = {
			isa = PBXTargetDependency;
			target = 18CBD38C23E841980052C525 /* 联系人 */;
			targetProxy = 18CBD3B423E8419A0052C525 /* PBXContainerItemProxy */;
		};
/* End PBXTargetDependency section */

/* Begin PBXVariantGroup section */
		18CBD39923E841980052C525 /* Main.storyboard */ = {
			isa = PBXVariantGroup;
			children = (
				18CBD39A23E841980052C525 /* Base */,
			);
			name = Main.storyboard;
			sourceTree = "<group>";
		};
/* End PBXVariantGroup section */

/* Begin XCBuildConfiguration section */
		18CBD3BA23E8419A0052C525 /* Debug */ = {
			isa = XCBuildConfiguration;
			buildSettings = {
				ALWAYS_SEARCH_USER_PATHS = NO;
				CLANG_ANALYZER_NONNULL = YES;
				CLANG_ANALYZER_NUMBER_OBJECT_CONVERSION = YES_AGGRESSIVE;
				CLANG_CXX_LANGUAGE_STANDARD = "gnu++14";
				CLANG_CXX_LIBRARY = "libc++";
				CLANG_ENABLE_MODULES = YES;
				CLANG_ENABLE_OBJC_ARC = YES;
				CLANG_ENABLE_OBJC_WEAK = YES;
				CLANG_WARN_BLOCK_CAPTURE_AUTORELEASING = YES;
				CLANG_WARN_BOOL_CONVERSION = YES;
				CLANG_WARN_COMMA = YES;
				CLANG_WARN_CONSTANT_CONVERSION = YES;
				CLANG_WARN_DEPRECATED_OBJC_IMPLEMENTATIONS = YES;
				CLANG_WARN_DIRECT_OBJC_ISA_USAGE = YES_ERROR;
				CLANG_WARN_DOCUMENTATION_COMMENTS = YES;
				CLANG_WARN_EMPTY_BODY = YES;
				CLANG_WARN_ENUM_CONVERSION = YES;
				CLANG_WARN_INFINITE_RECURSION = YES;
				CLANG_WARN_INT_CONVERSION = YES;
				CLANG_WARN_NON_LITERAL_NULL_CONVERSION = YES;
				CLANG_WARN_OBJC_IMPLICIT_RETAIN_SELF = YES;
				CLANG_WARN_OBJC_LITERAL_CONVERSION = YES;
				CLANG_WARN_OBJC_ROOT_CLASS = YES_ERROR;
				CLANG_WARN_RANGE_LOOP_ANALYSIS = YES;
				CLANG_WARN_STRICT_PROTOTYPES = YES;
				CLANG_WARN_SUSPICIOUS_MOVE = YES;
				CLANG_WARN_UNGUARDED_AVAILABILITY = YES_AGGRESSIVE;
				CLANG_WARN_UNREACHABLE_CODE = YES;
				CLANG_WARN__DUPLICATE_METHOD_MATCH = YES;
				COPY_PHASE_STRIP = NO;
				DEBUG_INFORMATION_FORMAT = dwarf;
				ENABLE_STRICT_OBJC_MSGSEND = YES;
				ENABLE_TESTABILITY = YES;
				GCC_C_LANGUAGE_STANDARD = gnu11;
				GCC_DYNAMIC_NO_PIC = NO;
				GCC_NO_COMMON_BLOCKS = YES;
				GCC_OPTIMIZATION_LEVEL = 0;
				GCC_PREPROCESSOR_DEFINITIONS = (
					"DEBUG=1",
					"$(inherited)",
				);
				GCC_WARN_64_TO_32_BIT_CONVERSION = YES;
				GCC_WARN_ABOUT_RETURN_TYPE = YES_ERROR;
				GCC_WARN_UNDECLARED_SELECTOR = YES;
				GCC_WARN_UNINITIALIZED_AUTOS = YES_AGGRESSIVE;
				GCC_WARN_UNUSED_FUNCTION = YES;
				GCC_WARN_UNUSED_VARIABLE = YES;
				IPHONEOS_DEPLOYMENT_TARGET = 13.2;
				MTL_ENABLE_DEBUG_INFO = INCLUDE_SOURCE;
				MTL_FAST_MATH = YES;
				ONLY_ACTIVE_ARCH = YES;
				SDKROOT = iphoneos;
			};
			name = Debug;
		};
		18CBD3BB23E8419A0052C525 /* Release */ = {
			isa = XCBuildConfiguration;
			buildSettings = {
				ALWAYS_SEARCH_USER_PATHS = NO;
				CLANG_ANALYZER_NONNULL = YES;
				CLANG_ANALYZER_NUMBER_OBJECT_CONVERSION = YES_AGGRESSIVE;
				CLANG_CXX_LANGUAGE_STANDARD = "gnu++14";
				CLANG_CXX_LIBRARY = "libc++";
				CLANG_ENABLE_MODULES = YES;
				CLANG_ENABLE_OBJC_ARC = YES;
				CLANG_ENABLE_OBJC_WEAK = YES;
				CLANG_WARN_BLOCK_CAPTURE_AUTORELEASING = YES;
				CLANG_WARN_BOOL_CONVERSION = YES;
				CLANG_WARN_COMMA = YES;
				CLANG_WARN_CONSTANT_CONVERSION = YES;
				CLANG_WARN_DEPRECATED_OBJC_IMPLEMENTATIONS = YES;
				CLANG_WARN_DIRECT_OBJC_ISA_USAGE = YES_ERROR;
				CLANG_WARN_DOCUMENTATION_COMMENTS = YES;
				CLANG_WARN_EMPTY_BODY = YES;
				CLANG_WARN_ENUM_CONVERSION = YES;
				CLANG_WARN_INFINITE_RECURSION = YES;
				CLANG_WARN_INT_CONVERSION = YES;
				CLANG_WARN_NON_LITERAL_NULL_CONVERSION = YES;
				CLANG_WARN_OBJC_IMPLICIT_RETAIN_SELF = YES;
				CLANG_WARN_OBJC_LITERAL_CONVERSION = YES;
				CLANG_WARN_OBJC_ROOT_CLASS = YES_ERROR;
				CLANG_WARN_RANGE_LOOP_ANALYSIS = YES;
				CLANG_WARN_STRICT_PROTOTYPES = YES;
				CLANG_WARN_SUSPICIOUS_MOVE = YES;
				CLANG_WARN_UNGUARDED_AVAILABILITY = YES_AGGRESSIVE;
				CLANG_WARN_UNREACHABLE_CODE = YES;
				CLANG_WARN__DUPLICATE_METHOD_MATCH = YES;
				COPY_PHASE_STRIP = NO;
				DEBUG_INFORMATION_FORMAT = "dwarf-with-dsym";
				ENABLE_NS_ASSERTIONS = NO;
				ENABLE_STRICT_OBJC_MSGSEND = YES;
				GCC_C_LANGUAGE_STANDARD = gnu11;
				GCC_NO_COMMON_BLOCKS = YES;
				GCC_WARN_64_TO_32_BIT_CONVERSION = YES;
				GCC_WARN_ABOUT_RETURN_TYPE = YES_ERROR;
				GCC_WARN_UNDECLARED_SELECTOR = YES;
				GCC_WARN_UNINITIALIZED_AUTOS = YES_AGGRESSIVE;
				GCC_WARN_UNUSED_FUNCTION = YES;
				GCC_WARN_UNUSED_VARIABLE = YES;
				IPHONEOS_DEPLOYMENT_TARGET = 13.2;
				MTL_ENABLE_DEBUG_INFO = NO;
				MTL_FAST_MATH = YES;
				SDKROOT = iphoneos;
				VALIDATE_PRODUCT = YES;
			};
			name = Release;
		};
		18CBD3BD23E8419A0052C525 /* Debug */ = {
			isa = XCBuildConfiguration;
			buildSettings = {
				ASSETCATALOG_COMPILER_APPICON_NAME = AppIcon;
				CODE_SIGN_STYLE = Automatic;
				DEVELOPMENT_TEAM = RT6PQ9CYD3;
				INFOPLIST_FILE = "联系人/Info.plist";
				LD_RUNPATH_SEARCH_PATHS = (
					"$(inherited)",
					"@executable_path/Frameworks",
				);
				PRODUCT_BUNDLE_IDENTIFIER = "maoguodong.---";
				PRODUCT_NAME = "$(TARGET_NAME)";
				TARGETED_DEVICE_FAMILY = "1,2";
			};
			name = Debug;
		};
		18CBD3BE23E8419A0052C525 /* Release */ = {
			isa = XCBuildConfiguration;
			buildSettings = {
				ASSETCATALOG_COMPILER_APPICON_NAME = AppIcon;
				CODE_SIGN_STYLE = Automatic;
				DEVELOPMENT_TEAM = RT6PQ9CYD3;
				INFOPLIST_FILE = "联系人/Info.plist";
				LD_RUNPATH_SEARCH_PATHS = (
					"$(inherited)",
					"@executable_path/Frameworks",
				);
				PRODUCT_BUNDLE_IDENTIFIER = "maoguodong.---";
				PRODUCT_NAME = "$(TARGET_NAME)";
				TARGETED_DEVICE_FAMILY = "1,2";
			};
			name = Release;
		};
		18CBD3C023E8419A0052C525 /* Debug */ = {
			isa = XCBuildConfiguration;
			buildSettings = {
				BUNDLE_LOADER = "$(TEST_HOST)";
				CODE_SIGN_STYLE = Automatic;
				DEVELOPMENT_TEAM = RT6PQ9CYD3;
				INFOPLIST_FILE = "联系人Tests/Info.plist";
				IPHONEOS_DEPLOYMENT_TARGET = 13.2;
				LD_RUNPATH_SEARCH_PATHS = (
					"$(inherited)",
					"@executable_path/Frameworks",
					"@loader_path/Frameworks",
				);
				PRODUCT_BUNDLE_IDENTIFIER = "maoguodong.---Tests";
				PRODUCT_NAME = "$(TARGET_NAME)";
				TARGETED_DEVICE_FAMILY = "1,2";
				TEST_HOST = "$(BUILT_PRODUCTS_DIR)/联系人.app/联系人";
			};
			name = Debug;
		};
		18CBD3C123E8419A0052C525 /* Release */ = {
			isa = XCBuildConfiguration;
			buildSettings = {
				BUNDLE_LOADER = "$(TEST_HOST)";
				CODE_SIGN_STYLE = Automatic;
				DEVELOPMENT_TEAM = RT6PQ9CYD3;
				INFOPLIST_FILE = "联系人Tests/Info.plist";
				IPHONEOS_DEPLOYMENT_TARGET = 13.2;
				LD_RUNPATH_SEARCH_PATHS = (
					"$(inherited)",
					"@executable_path/Frameworks",
					"@loader_path/Frameworks",
				);
				PRODUCT_BUNDLE_IDENTIFIER = "maoguodong.---Tests";
				PRODUCT_NAME = "$(TARGET_NAME)";
				TARGETED_DEVICE_FAMILY = "1,2";
				TEST_HOST = "$(BUILT_PRODUCTS_DIR)/联系人.app/联系人";
			};
			name = Release;
		};
		18CBD3C323E8419A0052C525 /* Debug */ = {
			isa = XCBuildConfiguration;
			buildSettings = {
				CODE_SIGN_STYLE = Automatic;
				DEVELOPMENT_TEAM = RT6PQ9CYD3;
				INFOPLIST_FILE = "联系人UITests/Info.plist";
				LD_RUNPATH_SEARCH_PATHS = (
					"$(inherited)",
					"@executable_path/Frameworks",
					"@loader_path/Frameworks",
				);
				PRODUCT_BUNDLE_IDENTIFIER = "maoguodong.---UITests";
				PRODUCT_NAME = "$(TARGET_NAME)";
				TARGETED_DEVICE_FAMILY = "1,2";
				TEST_TARGET_NAME = "联系人";
			};
			name = Debug;
		};
		18CBD3C423E8419A0052C525 /* Release */ = {
			isa = XCBuildConfiguration;
			buildSettings = {
				CODE_SIGN_STYLE = Automatic;
				DEVELOPMENT_TEAM = RT6PQ9CYD3;
				INFOPLIST_FILE = "联系人UITests/Info.plist";
				LD_RUNPATH_SEARCH_PATHS = (
					"$(inherited)",
					"@executable_path/Frameworks",
					"@loader_path/Frameworks",
				);
				PRODUCT_BUNDLE_IDENTIFIER = "maoguodong.---UITests";
				PRODUCT_NAME = "$(TARGET_NAME)";
				TARGETED_DEVICE_FAMILY = "1,2";
				TEST_TARGET_NAME = "联系人";
			};
			name = Release;
		};
/* End XCBuildConfiguration section */

/* Begin XCConfigurationList section */
		18CBD38823E841980052C525 /* Build configuration list for PBXProject "联系人" */ = {
			isa = XCConfigurationList;
			buildConfigurations = (
				18CBD3BA23E8419A0052C525 /* Debug */,
				18CBD3BB23E8419A0052C525 /* Release */,
			);
			defaultConfigurationIsVisible = 0;
			defaultConfigurationName = Release;
		};
		18CBD3BC23E8419A0052C525 /* Build configuration list for PBXNativeTarget "联系人" */ = {
			isa = XCConfigurationList;
			buildConfigurations = (
				18CBD3BD23E8419A0052C525 /* Debug */,
				18CBD3BE23E8419A0052C525 /* Release */,
			);
			defaultConfigurationIsVisible = 0;
			defaultConfigurationName = Release;
		};
		18CBD3BF23E8419A0052C525 /* Build configuration list for PBXNativeTarget "联系人Tests" */ = {
			isa = XCConfigurationList;
			buildConfigurations = (
				18CBD3C023E8419A0052C525 /* Debug */,
				18CBD3C123E8419A0052C525 /* Release */,
			);
			defaultConfigurationIsVisible = 0;
			defaultConfigurationName = Release;
		};
		18CBD3C223E8419A0052C525 /* Build configuration list for PBXNativeTarget "联系人UITests" */ = {
			isa = XCConfigurationList;
			buildConfigurations = (
				18CBD3C323E8419A0052C525 /* Debug */,
				18CBD3C423E8419A0052C525 /* Release */,
			);
			defaultConfigurationIsVisible = 0;
			defaultConfigurationName = Release;
		};
/* End XCConfigurationList section */
	};
	rootObject = 18CBD38523E841980052C525 /* Project object */;
}
